
Microsoft Visual Studio Solution File, Format Version 12.00
# Visual Studio Version 17
VisualStudioVersion = 17.8.34525.116
MinimumVisualStudioVersion = 10.0.40219.1
Project("{2150E333-8FDC-42A3-9474-1A3956D46DE8}") = "src", "src", "{EF613398-3FF7-46B4-83CC-E07A9735689C}"
EndProject
Project("{2150E333-8FDC-42A3-9474-1A3956D46DE8}") = "corePackages", "corePackages", "{EEA6C875-3112-4A4C-94D2-524B94CB3986}"
EndProject
Project("{9A19103F-16F7-4668-BE54-9A1E7A4F7556}") = "Core.Application", "Core.Application\Core.Application.csproj", "{FFE5E6DB-7016-422B-8DE6-6DCE6B622EE3}"
EndProject
Project("{9A19103F-16F7-4668-BE54-9A1E7A4F7556}") = "Core.CrossCuttingConcerns", "Core.CrossCuttingConcerns\Core.CrossCuttingConcerns.csproj", "{9F2F300F-F9A9-4B24-AD2C-4FCC94E361F9}"
EndProject
Project("{9A19103F-16F7-4668-BE54-9A1E7A4F7556}") = "Core.ElasticSearch", "Core.ElasticSearch\Core.ElasticSearch.csproj", "{4B3062D1-AE19-4467-A392-DA08C231592A}"
EndProject
Project("{9A19103F-16F7-4668-BE54-9A1E7A4F7556}") = "Core.Mailing", "Core.Mailing\Core.Mailing.csproj", "{2EB1AF39-AD31-4A32-AA83-20B0867ABC8A}"
EndProject
Project("{9A19103F-16F7-4668-BE54-9A1E7A4F7556}") = "Core.Persistence", "Core.Persistence\Core.Persistence.csproj", "{3652C535-4826-4F26-8FE8-10AFF225C919}"
EndProject
Project("{9A19103F-16F7-4668-BE54-9A1E7A4F7556}") = "Core.Security", "Core.Security\Core.Security.csproj", "{3A351F9D-768A-49D1-85FF-EA9265959797}"
EndProject
Project("{2150E333-8FDC-42A3-9474-1A3956D46DE8}") = "kodlamaioDevs", "kodlamaioDevs", "{9343F5B2-2428-4E89-A60C-E6D58B94112E}"
EndProject
Project("{FAE04EC0-301F-11D3-BF4B-00C04F79EFBC}") = "Application", "Application\Application.csproj", "{D9C5038F-A920-41D0-8D54-8B00DC3486A5}"
EndProject
Project("{FAE04EC0-301F-11D3-BF4B-00C04F79EFBC}") = "Domain", "Domain\Domain.csproj", "{73B59230-23C1-42F3-8E7C-9A844A2B65DF}"
EndProject
Project("{FAE04EC0-301F-11D3-BF4B-00C04F79EFBC}") = "Infrastructure", "Infrastructure\Infrastructure.csproj", "{CCAE6FDB-E1DD-4F8B-A62E-D147F77C9596}"
EndProject
Project("{FAE04EC0-301F-11D3-BF4B-00C04F79EFBC}") = "Persistence", "Persistence\Persistence.csproj", "{93FFCA66-B93C-4699-833B-7F6D6E212C20}"
EndProject
Project("{FAE04EC0-301F-11D3-BF4B-00C04F79EFBC}") = "WebAPI", "WebAPI\WebAPI.csproj", "{542E7F59-5A69-4612-9F84-5BB48677737A}"
EndProject
Global
	GlobalSection(SolutionConfigurationPlatforms) = preSolution
		Debug|Any CPU = Debug|Any CPU
		Release|Any CPU = Release|Any CPU
	EndGlobalSection
	GlobalSection(ProjectConfigurationPlatforms) = postSolution
		{FFE5E6DB-7016-422B-8DE6-6DCE6B622EE3}.Debug|Any CPU.ActiveCfg = Debug|Any CPU
		{FFE5E6DB-7016-422B-8DE6-6DCE6B622EE3}.Debug|Any CPU.Build.0 = Debug|Any CPU
		{FFE5E6DB-7016-422B-8DE6-6DCE6B622EE3}.Release|Any CPU.ActiveCfg = Release|Any CPU
		{FFE5E6DB-7016-422B-8DE6-6DCE6B622EE3}.Release|Any CPU.Build.0 = Release|Any CPU
		{9F2F300F-F9A9-4B24-AD2C-4FCC94E361F9}.Debug|Any CPU.ActiveCfg = Debug|Any CPU
		{9F2F300F-F9A9-4B24-AD2C-4FCC94E361F9}.Debug|Any CPU.Build.0 = Debug|Any CPU
		{9F2F300F-F9A9-4B24-AD2C-4FCC94E361F9}.Release|Any CPU.ActiveCfg = Release|Any CPU
		{9F2F300F-F9A9-4B24-AD2C-4FCC94E361F9}.Release|Any CPU.Build.0 = Release|Any CPU
		{4B3062D1-AE19-4467-A392-DA08C231592A}.Debug|Any CPU.ActiveCfg = Debug|Any CPU
		{4B3062D1-AE19-4467-A392-DA08C231592A}.Debug|Any CPU.Build.0 = Debug|Any CPU
		{4B3062D1-AE19-4467-A392-DA08C231592A}.Release|Any CPU.ActiveCfg = Release|Any CPU
		{4B3062D1-AE19-4467-A392-DA08C231592A}.Release|Any CPU.Build.0 = Release|Any CPU
		{2EB1AF39-AD31-4A32-AA83-20B0867ABC8A}.Debug|Any CPU.ActiveCfg = Debug|Any CPU
		{2EB1AF39-AD31-4A32-AA83-20B0867ABC8A}.Debug|Any CPU.Build.0 = Debug|Any CPU
		{2EB1AF39-AD31-4A32-AA83-20B0867ABC8A}.Release|Any CPU.ActiveCfg = Release|Any CPU
		{2EB1AF39-AD31-4A32-AA83-20B0867ABC8A}.Release|Any CPU.Build.0 = Release|Any CPU
		{3652C535-4826-4F26-8FE8-10AFF225C919}.Debug|Any CPU.ActiveCfg = Debug|Any CPU
		{3652C535-4826-4F26-8FE8-10AFF225C919}.Debug|Any CPU.Build.0 = Debug|Any CPU
		{3652C535-4826-4F26-8FE8-10AFF225C919}.Release|Any CPU.ActiveCfg = Release|Any CPU
		{3652C535-4826-4F26-8FE8-10AFF225C919}.Release|Any CPU.Build.0 = Release|Any CPU
		{3A351F9D-768A-49D1-85FF-EA9265959797}.Debug|Any CPU.ActiveCfg = Debug|Any CPU
		{3A351F9D-768A-49D1-85FF-EA9265959797}.Debug|Any CPU.Build.0 = Debug|Any CPU
		{3A351F9D-768A-49D1-85FF-EA9265959797}.Release|Any CPU.ActiveCfg = Release|Any CPU
		{3A351F9D-768A-49D1-85FF-EA9265959797}.Release|Any CPU.Build.0 = Release|Any CPU
		{D9C5038F-A920-41D0-8D54-8B00DC3486A5}.Debug|Any CPU.ActiveCfg = Debug|Any CPU
		{D9C5038F-A920-41D0-8D54-8B00DC3486A5}.Debug|Any CPU.Build.0 = Debug|Any CPU
		{D9C5038F-A920-41D0-8D54-8B00DC3486A5}.Release|Any CPU.ActiveCfg = Release|Any CPU
		{D9C5038F-A920-41D0-8D54-8B00DC3486A5}.Release|Any CPU.Build.0 = Release|Any CPU
		{73B59230-23C1-42F3-8E7C-9A844A2B65DF}.Debug|Any CPU.ActiveCfg = Debug|Any CPU
		{73B59230-23C1-42F3-8E7C-9A844A2B65DF}.Debug|Any CPU.Build.0 = Debug|Any CPU
		{73B59230-23C1-42F3-8E7C-9A844A2B65DF}.Release|Any CPU.ActiveCfg = Release|Any CPU
		{73B59230-23C1-42F3-8E7C-9A844A2B65DF}.Release|Any CPU.Build.0 = Release|Any CPU
		{CCAE6FDB-E1DD-4F8B-A62E-D147F77C9596}.Debug|Any CPU.ActiveCfg = Debug|Any CPU
		{CCAE6FDB-E1DD-4F8B-A62E-D147F77C9596}.Debug|Any CPU.Build.0 = Debug|Any CPU
		{CCAE6FDB-E1DD-4F8B-A62E-D147F77C9596}.Release|Any CPU.ActiveCfg = Release|Any CPU
		{CCAE6FDB-E1DD-4F8B-A62E-D147F77C9596}.Release|Any CPU.Build.0 = Release|Any CPU
		{93FFCA66-B93C-4699-833B-7F6D6E212C20}.Debug|Any CPU.ActiveCfg = Debug|Any CPU
		{93FFCA66-B93C-4699-833B-7F6D6E212C20}.Debug|Any CPU.Build.0 = Debug|Any CPU
		{93FFCA66-B93C-4699-833B-7F6D6E212C20}.Release|Any CPU.ActiveCfg = Release|Any CPU
		{93FFCA66-B93C-4699-833B-7F6D6E212C20}.Release|Any CPU.Build.0 = Release|Any CPU
		{542E7F59-5A69-4612-9F84-5BB48677737A}.Debug|Any CPU.ActiveCfg = Debug|Any CPU
		{542E7F59-5A69-4612-9F84-5BB48677737A}.Debug|Any CPU.Build.0 = Debug|Any CPU
		{542E7F59-5A69-4612-9F84-5BB48677737A}.Release|Any CPU.ActiveCfg = Release|Any CPU
		{542E7F59-5A69-4612-9F84-5BB48677737A}.Release|Any CPU.Build.0 = Release|Any CPU
	EndGlobalSection
	GlobalSection(SolutionProperties) = preSolution
		HideSolutionNode = FALSE
	EndGlobalSection
	GlobalSection(NestedProjects) = preSolution
		{EEA6C875-3112-4A4C-94D2-524B94CB3986} = {EF613398-3FF7-46B4-83CC-E07A9735689C}
		{FFE5E6DB-7016-422B-8DE6-6DCE6B622EE3} = {EEA6C875-3112-4A4C-94D2-524B94CB3986}
		{9F2F300F-F9A9-4B24-AD2C-4FCC94E361F9} = {EEA6C875-3112-4A4C-94D2-524B94CB3986}
		{4B3062D1-AE19-4467-A392-DA08C231592A} = {EEA6C875-3112-4A4C-94D2-524B94CB3986}
		{2EB1AF39-AD31-4A32-AA83-20B0867ABC8A} = {EEA6C875-3112-4A4C-94D2-524B94CB3986}
		{3652C535-4826-4F26-8FE8-10AFF225C919} = {EEA6C875-3112-4A4C-94D2-524B94CB3986}
		{3A351F9D-768A-49D1-85FF-EA9265959797} = {EEA6C875-3112-4A4C-94D2-524B94CB3986}
		{9343F5B2-2428-4E89-A60C-E6D58B94112E} = {EF613398-3FF7-46B4-83CC-E07A9735689C}
		{D9C5038F-A920-41D0-8D54-8B00DC3486A5} = {9343F5B2-2428-4E89-A60C-E6D58B94112E}
		{73B59230-23C1-42F3-8E7C-9A844A2B65DF} = {9343F5B2-2428-4E89-A60C-E6D58B94112E}
		{CCAE6FDB-E1DD-4F8B-A62E-D147F77C9596} = {9343F5B2-2428-4E89-A60C-E6D58B94112E}
		{93FFCA66-B93C-4699-833B-7F6D6E212C20} = {9343F5B2-2428-4E89-A60C-E6D58B94112E}
		{542E7F59-5A69-4612-9F84-5BB48677737A} = {9343F5B2-2428-4E89-A60C-E6D58B94112E}
	EndGlobalSection
	GlobalSection(ExtensibilityGlobals) = postSolution
		SolutionGuid = {0603124C-FB3C-4EBB-ABA7-078B152BE55D}
	EndGlobalSection
EndGlobal
